<?xml version="1.0" encoding="utf-8"?>
<Project ToolsVersion="4.0" xmlns="http://schemas.microsoft.com/developer/msbuild/2003">
  <ItemGroup>
    <Filter Include="Archivos de origen">
      <UniqueIdentifier>{4FC737F1-C7A5-4376-A066-2A32D752A2FF}</UniqueIdentifier>
      <Extensions>cpp;c;cc;cxx;def;odl;idl;hpj;bat;asm;asmx</Extensions>
    </Filter>
    <Filter Include="Archivos de encabezado">
      <UniqueIdentifier>{93995380-89BD-4b04-88EB-625FBE52EBFB}</UniqueIdentifier>
      <Extensions>h;hh;hpp;hxx;hm;inl;inc;ipp;xsd</Extensions>
    </Filter>
    <Filter Include="Archivos de recursos">
      <UniqueIdentifier>{67DA6AB6-F800-4c08-8B7A-83BB121AAD01}</UniqueIdentifier>
      <Extensions>rc;ico;cur;bmp;dlg;rc2;rct;bin;rgs;gif;jpg;jpeg;jpe;resx;tiff;tif;png;wav;mfcribbon-ms</Extensions>
    </Filter>
    <Filter Include="ImGuiDx">
      <UniqueIdentifier>{785b0d95-8361-414b-9072-e06e2ce94edc}</UniqueIdentifier>
    </Filter>
    <Filter Include="Archivos de encabezado\core">
      <UniqueIdentifier>{255e9e8d-c392-405c-a661-cb5e444a3179}</UniqueIdentifier>
    </Filter>
    <Filter Include="Archivos de encabezado\DX11">
      <UniqueIdentifier>{db081390-3fad-4743-bb61-e20474d5c9f7}</UniqueIdentifier>
    </Filter>
    <Filter Include="Shaders">
      <UniqueIdentifier>{102f9c86-9eac-44af-9171-b9f646e1a19c}</UniqueIdentifier>
    </Filter>
    <Filter Include="Archivos de encabezado\Includers">
      <UniqueIdentifier>{ed87891b-37df-466c-8d47-f4b4f6d734c4}</UniqueIdentifier>
    </Filter>
  </ItemGroup>
  <ItemGroup>
    <ClInclude Include="RActor.h">
      <Filter>Archivos de encabezado</Filter>
    </ClInclude>
    <ClInclude Include="RComponent.h">
      <Filter>Archivos de encabezado</Filter>
    </ClInclude>
    <ClInclude Include="RAABB.h">
      <Filter>Archivos de encabezado</Filter>
    </ClInclude>
    <ClInclude Include="dependences\ImGui\imconfig.h">
      <Filter>ImGuiDx</Filter>
    </ClInclude>
    <ClInclude Include="dependences\ImGui\imgui.h">
      <Filter>ImGuiDx</Filter>
    </ClInclude>
    <ClInclude Include="dependences\ImGui\imgui_impl_dx11.h">
      <Filter>ImGuiDx</Filter>
    </ClInclude>
    <ClInclude Include="dependences\ImGui\imgui_impl_glut.h">
      <Filter>ImGuiDx</Filter>
    </ClInclude>
    <ClInclude Include="dependences\ImGui\imgui_impl_opengl3.h">
      <Filter>ImGuiDx</Filter>
    </ClInclude>
    <ClInclude Include="dependences\ImGui\imgui_impl_win32.h">
      <Filter>ImGuiDx</Filter>
    </ClInclude>
    <ClInclude Include="dependences\ImGui\imgui_internal.h">
      <Filter>ImGuiDx</Filter>
    </ClInclude>
    <ClInclude Include="dependences\ImGui\imstb_rectpack.h">
      <Filter>ImGuiDx</Filter>
    </ClInclude>
    <ClInclude Include="dependences\ImGui\imstb_textedit.h">
      <Filter>ImGuiDx</Filter>
    </ClInclude>
    <ClInclude Include="dependences\ImGui\imstb_truetype.h">
      <Filter>ImGuiDx</Filter>
    </ClInclude>
    <ClInclude Include="D3DX11async.h">
      <Filter>Archivos de encabezado</Filter>
    </ClInclude>
    <ClInclude Include="RCamaraManager.h">
      <Filter>Archivos de encabezado</Filter>
    </ClInclude>
    <ClInclude Include="RShader.h">
      <Filter>Archivos de encabezado</Filter>
    </ClInclude>
    <ClInclude Include="RPixelShader.h">
      <Filter>Archivos de encabezado</Filter>
    </ClInclude>
    <ClInclude Include="RRenderManager.h">
      <Filter>Archivos de encabezado\core</Filter>
    </ClInclude>
    <ClInclude Include="RRenderManagerDX.h">
      <Filter>Archivos de encabezado\DX11</Filter>
    </ClInclude>
    <ClInclude Include="RDevice.h">
      <Filter>Archivos de encabezado\core</Filter>
    </ClInclude>
    <ClInclude Include="RDeviceDX.h">
      <Filter>Archivos de encabezado\DX11</Filter>
    </ClInclude>
    <ClInclude Include="RBuffer.h">
      <Filter>Archivos de encabezado\core</Filter>
    </ClInclude>
    <ClInclude Include="RBufferDX.h">
      <Filter>Archivos de encabezado\DX11</Filter>
    </ClInclude>
    <ClInclude Include="RDepthStencilView.h">
      <Filter>Archivos de encabezado\core</Filter>
    </ClInclude>
    <ClInclude Include="RDepthStencilViewDX.h">
      <Filter>Archivos de encabezado\DX11</Filter>
    </ClInclude>
    <ClInclude Include="RTexture.h">
      <Filter>Archivos de encabezado\core</Filter>
    </ClInclude>
    <ClInclude Include="RTextureDX.h">
      <Filter>Archivos de encabezado\DX11</Filter>
    </ClInclude>
    <ClInclude Include="RInputLayout.h">
      <Filter>Archivos de encabezado\core</Filter>
    </ClInclude>
    <ClInclude Include="RinputLayoutDX.h">
      <Filter>Archivos de encabezado\DX11</Filter>
    </ClInclude>
    <ClInclude Include="enumers.h">
      <Filter>Archivos de encabezado\Includers</Filter>
    </ClInclude>
    <ClInclude Include="Header.h">
      <Filter>Archivos de encabezado\Includers</Filter>
    </ClInclude>
    <ClInclude Include="structures.h">
      <Filter>Archivos de encabezado\Includers</Filter>
    </ClInclude>
    <ClInclude Include="requerimientos.h">
      <Filter>Archivos de encabezado\Includers</Filter>
    </ClInclude>
    <ClInclude Include="RSwapchain.h">
      <Filter>Archivos de encabezado\core</Filter>
    </ClInclude>
    <ClInclude Include="RSwapchainDX.h">
      <Filter>Archivos de encabezado\DX11</Filter>
    </ClInclude>
    <ClInclude Include="RModule.h">
      <Filter>Archivos de encabezado\core</Filter>
    </ClInclude>
    <ClInclude Include="RViewport.h">
      <Filter>Archivos de encabezado\core</Filter>
    </ClInclude>
    <ClInclude Include="RProgramShader.h">
      <Filter>Archivos de encabezado\core</Filter>
    </ClInclude>
    <ClInclude Include="RProgramShaderDX.h">
      <Filter>Archivos de encabezado\DX11</Filter>
    </ClInclude>
    <ClInclude Include="RVertexShader.h">
      <Filter>Archivos de encabezado\core</Filter>
    </ClInclude>
    <ClInclude Include="RVertexShaderDX.h">
      <Filter>Archivos de encabezado\DX11</Filter>
    </ClInclude>
  </ItemGroup>
  <ItemGroup>
    <ClCompile Include="REngine_test.cpp">
      <Filter>Archivos de origen</Filter>
    </ClCompile>
    <ClCompile Include="RActor.cpp">
      <Filter>Archivos de origen</Filter>
    </ClCompile>
    <ClCompile Include="RComponent.cpp">
      <Filter>Archivos de origen</Filter>
    </ClCompile>
    <ClCompile Include="RAABB.cpp">
      <Filter>Archivos de origen</Filter>
    </ClCompile>
    <ClCompile Include="RBuffer.cpp">
      <Filter>Archivos de origen</Filter>
    </ClCompile>
    <ClCompile Include="dependences\ImGui\imgui.cpp">
      <Filter>ImGuiDx</Filter>
    </ClCompile>
    <ClCompile Include="dependences\ImGui\imgui_draw.cpp">
      <Filter>ImGuiDx</Filter>
    </ClCompile>
    <ClCompile Include="dependences\ImGui\imgui_impl_dx11.cpp">
      <Filter>ImGuiDx</Filter>
    </ClCompile>
    <ClCompile Include="dependences\ImGui\imgui_impl_glut.cpp">
      <Filter>ImGuiDx</Filter>
    </ClCompile>
    <ClCompile Include="dependences\ImGui\imgui_impl_opengl3.cpp">
      <Filter>ImGuiDx</Filter>
    </ClCompile>
    <ClCompile Include="dependences\ImGui\imgui_impl_win32.cpp">
      <Filter>ImGuiDx</Filter>
    </ClCompile>
    <ClCompile Include="dependences\ImGui\imgui_widgets.cpp">
      <Filter>ImGuiDx</Filter>
    </ClCompile>
    <ClCompile Include="RRenderManager.cpp">
      <Filter>Archivos de origen</Filter>
    </ClCompile>
    <ClCompile Include="RViewport.cpp">
      <Filter>Archivos de origen</Filter>
    </ClCompile>
    <ClCompile Include="RVertexShader.cpp">
      <Filter>Archivos de origen</Filter>
    </ClCompile>
    <ClCompile Include="RCamaraManager.cpp">
      <Filter>Archivos de origen</Filter>
    </ClCompile>
    <ClCompile Include="RShader.cpp">
      <Filter>Archivos de origen</Filter>
    </ClCompile>
    <ClCompile Include="RInputLayout.cpp">
      <Filter>Archivos de origen</Filter>
    </ClCompile>
    <ClCompile Include="RProgramShader.cpp">
      <Filter>Archivos de origen</Filter>
    </ClCompile>
    <ClCompile Include="RPixelShader.cpp">
      <Filter>Archivos de origen</Filter>
    </ClCompile>
    <ClCompile Include="RSwapchain.cpp">
      <Filter>Archivos de origen</Filter>
    </ClCompile>
    <ClCompile Include="RRenderManagerDX.cpp">
      <Filter>Archivos de origen</Filter>
    </ClCompile>
    <ClCompile Include="RDevice.cpp">
      <Filter>Archivos de origen</Filter>
    </ClCompile>
    <ClCompile Include="RDeviceDX.cpp">
      <Filter>Archivos de origen</Filter>
    </ClCompile>
    <ClCompile Include="RBufferDX.cpp">
      <Filter>Archivos de origen</Filter>
    </ClCompile>
    <ClCompile Include="RDepthStencilView.cpp">
      <Filter>Archivos de origen</Filter>
    </ClCompile>
    <ClCompile Include="RDepthStencilViewDX.cpp">
      <Filter>Archivos de origen</Filter>
    </ClCompile>
    <ClCompile Include="RTexture.cpp">
      <Filter>Archivos de origen</Filter>
    </ClCompile>
    <ClCompile Include="RTextureDX.cpp">
      <Filter>Archivos de origen</Filter>
    </ClCompile>
    <ClCompile Include="RinputLayoutDX.cpp">
      <Filter>Archivos de origen</Filter>
    </ClCompile>
    <ClCompile Include="RSwapchainDX.cpp">
      <Filter>Archivos de origen</Filter>
    </ClCompile>
    <ClCompile Include="RProgramShaderDX.cpp">
      <Filter>Archivos de origen</Filter>
    </ClCompile>
    <ClCompile Include="RVertexShaderDX.cpp">
      <Filter>Archivos de origen</Filter>
    </ClCompile>
  </ItemGroup>
  <ItemGroup>
    <None Include="GBufferPS.glsl">
      <Filter>Shaders</Filter>
    </None>
    <None Include="GBufferVS.glsl">
      <Filter>Shaders</Filter>
    </None>
  </ItemGroup>
</Project>